
Microsoft Visual Studio Solution File, Format Version 12.00
# Visual Studio 15
VisualStudioVersion = 15.0.27703.2042
MinimumVisualStudioVersion = 10.0.40219.1
Project("{FAE04EC0-301F-11D3-BF4B-00C04F79EFBC}") = "D.T_Product_Management", "D.T_Product_Management\D.T_Product_Management.csproj", "{38C03631-31F5-4E37-ADB5-EE3396C772BF}"
EndProject
Global
	GlobalSection(SolutionConfigurationPlatforms) = preSolution
		Debug|Any CPU = Debug|Any CPU
		Release|Any CPU = Release|Any CPU
	EndGlobalSection
	GlobalSection(ProjectConfigurationPlatforms) = postSolution
		{38C03631-31F5-4E37-ADB5-EE3396C772BF}.Debug|Any CPU.ActiveCfg = Debug|Any CPU
		{38C03631-31F5-4E37-ADB5-EE3396C772BF}.Debug|Any CPU.Build.0 = Debug|Any CPU
		{38C03631-31F5-4E37-ADB5-EE3396C772BF}.Release|Any CPU.ActiveCfg = Release|Any CPU
		{38C03631-31F5-4E37-ADB5-EE3396C772BF}.Release|Any CPU.Build.0 = Release|Any CPU
	EndGlobalSection
	GlobalSection(SolutionProperties) = preSolution
		HideSolutionNode = FALSE
	EndGlobalSection
	GlobalSection(ExtensibilityGlobals) = postSolution
		SolutionGuid = {648F34F8-C8C0-46A4-9628-2B404CA4F77C}
	EndGlobalSection
EndGlobal
